{
  "version": 4,
  "terraform_version": "1.14.7",
  "serial": 17,
  "lineage": "27a794ec-873b-6df1-aa99-532191a8e5e2",
  "outputs": {
    "health_url": {
      "value": "http://161.118.208.146:8080/health",
      "type": "string"
    },
    "public_ip": {
      "value": "161.118.208.146",
      "type": "string"
    },
    "ssh_command": {
      "value": "ssh opc@161.118.208.146",
      "type": "string"
    },
    "worker_api_docs_url": {
      "value": "http://161.118.208.146:8080/docs",
      "type": "string"
    }
  },
  "resources": [
    {
      "mode": "data",
      "type": "oci_core_images",
      "name": "ubuntu",
      "provider": "provider[\"registry.terraform.io/oracle/oci\"]",
      "instances": [
        {
          "schema_version": 0,
          "attributes": {
            "compartment_id": "ocid1.tenancy.oc1..aaaaaaaaxhrxcqm3r6z4ud3emjvb5lbw5roqrvculk5ip47dy73lx7olx4aa",
            "display_name": null,
            "filter": null,
            "id": "CoreImagesDataSource-2689356198",
            "images": [
              {
                "agent_features": [],
                "base_image_id": "",
                "billable_size_in_gbs": "6",
                "compartment_id": "",
                "create_image_allowed": true,
                "defined_tags": {},
                "display_name": "Oracle-Linux-8.10-aarch64-2026.04.30-3",
                "freeform_tags": {},
                "id": "ocid1.image.oc1.ap-singapore-1.aaaaaaaaymvya6jg5fbiv2ewqu54h2kwaukti3pbr24e73z3r4klvg64qksa",
                "image_source_details": [],
                "instance_id": "",
                "launch_mode": "NATIVE",
                "launch_options": [
                  {
                    "boot_volume_type": "PARAVIRTUALIZED",
                    "firmware": "UEFI_64",
                    "is_consistent_volume_naming_enabled": true,
                    "is_pv_encryption_in_transit_enabled": true,
                    "network_type": "PARAVIRTUALIZED",
                    "remote_data_volume_type": "PARAVIRTUALIZED"
                  }
                ],
                "listing_type": "",
                "operating_system": "Oracle Linux",
                "operating_system_version": "8",
                "size_in_mbs": "47719",
                "state": "AVAILABLE",
                "time_created": "2026-05-13 00:46:53.393 +0000 UTC"
              },
              {
                "agent_features": [],
                "base_image_id": "",
                "billable_size_in_gbs": "6",
                "compartment_id": "",
                "create_image_allowed": true,
                "defined_tags": {},
                "display_name": "Oracle-Linux-8.10-aarch64-2026.04.30-2",
                "freeform_tags": {},
                "id": "ocid1.image.oc1.ap-singapore-1.aaaaaaaamoxpfq2jij22gsaf4er5xx2q5spxyfqacv6kfgzatm7gqxh74wda",
                "image_source_details": [],
                "instance_id": "",
                "launch_mode": "NATIVE",
                "launch_options": [
                  {
                    "boot_volume_type": "PARAVIRTUALIZED",
                    "firmware": "UEFI_64",
                    "is_consistent_volume_naming_enabled": true,
                    "is_pv_encryption_in_transit_enabled": true,
                    "network_type": "PARAVIRTUALIZED",
                    "remote_data_volume_type": "PARAVIRTUALIZED"
                  }
                ],
                "listing_type": "",
                "operating_system": "Oracle Linux",
                "operating_system_version": "8",
                "size_in_mbs": "47719",
                "state": "AVAILABLE",
                "time_created": "2026-05-11 23:04:35.691 +0000 UTC"
              },
              {
                "agent_features": [],
                "base_image_id": "",
                "billable_size_in_gbs": "6",
                "compartment_id": "",
                "create_image_allowed": true,
                "defined_tags": {},
                "display_name": "Oracle-Linux-8.10-aarch64-2026.04.30-1",
                "freeform_tags": {},
                "id": "ocid1.image.oc1.ap-singapore-1.aaaaaaaakpn6xws7huir7to7dsz3rewdludszry7gvpkgyyi237raxv3bmza",
                "image_source_details": [],
                "instance_id": "",
                "launch_mode": "NATIVE",
                "launch_options": [
                  {
                    "boot_volume_type": "PARAVIRTUALIZED",
                    "firmware": "UEFI_64",
                    "is_consistent_volume_naming_enabled": true,
                    "is_pv_encryption_in_transit_enabled": true,
                    "network_type": "PARAVIRTUALIZED",
                    "remote_data_volume_type": "PARAVIRTUALIZED"
                  }
                ],
                "listing_type": "",
                "operating_system": "Oracle Linux",
                "operating_system_version": "8",
                "size_in_mbs": "47719",
                "state": "AVAILABLE",
                "time_created": "2026-05-05 21:30:00.126 +0000 UTC"
              }
            ],
            "operating_system": "Oracle Linux",
            "operating_system_version": "8",
            "shape": "VM.Standard.A1.Flex",
            "sort_by": "TIMECREATED",
            "sort_order": "DESC",
            "state": null
          },
          "sensitive_attributes": [],
          "identity_schema_version": 0
        }
      ]
    },
    {
      "mode": "data",
      "type": "oci_identity_availability_domains",
      "name": "this",
      "provider": "provider[\"registry.terraform.io/oracle/oci\"]",
      "instances": [
        {
          "schema_version": 0,
          "attributes": {
            "availability_domains": [
              {
                "compartment_id": "ocid1.tenancy.oc1..aaaaaaaaxhrxcqm3r6z4ud3emjvb5lbw5roqrvculk5ip47dy73lx7olx4aa",
                "id": "ocid1.availabilitydomain.oc1..aaaaaaaar5i2dxxyyprdqq5egzf6m4m5xa5ywtuknisknxccvcqw4v7ps5ea",
                "name": "ffod:AP-SINGAPORE-1-AD-1"
              }
            ],
            "compartment_id": "ocid1.tenancy.oc1..aaaaaaaaxhrxcqm3r6z4ud3emjvb5lbw5roqrvculk5ip47dy73lx7olx4aa",
            "filter": null,
            "id": "IdentityAvailabilityDomainsDataSource-1562753684"
          },
          "sensitive_attributes": [],
          "identity_schema_version": 0
        }
      ]
    },
    {
      "mode": "managed",
      "type": "oci_core_instance",
      "name": "worker",
      "provider": "provider[\"registry.terraform.io/oracle/oci\"]",
      "instances": [
        {
          "schema_version": 0,
          "attributes": {
            "agent_config": [
              {
                "are_all_plugins_disabled": false,
                "is_management_disabled": false,
                "is_monitoring_disabled": false,
                "plugins_config": []
              }
            ],
            "async": null,
            "availability_config": [
              {
                "is_live_migration_preferred": false,
                "recovery_action": "RESTORE_INSTANCE"
              }
            ],
            "availability_domain": "ffod:AP-SINGAPORE-1-AD-1",
            "boot_volume_id": "ocid1.bootvolume.oc1.ap-singapore-1.abzwsljr7ffow5hokrkcvggvzzpztq7pcmigtbtoebq3lfejrlrzq2jeexfa",
            "capacity_reservation_id": null,
            "cluster_placement_group_id": null,
            "compartment_id": "ocid1.tenancy.oc1..aaaaaaaaxhrxcqm3r6z4ud3emjvb5lbw5roqrvculk5ip47dy73lx7olx4aa",
            "compute_cluster_id": null,
            "create_vnic_details": [
              {
                "assign_ipv6ip": false,
                "assign_private_dns_record": false,
                "assign_public_ip": "true",
                "defined_tags": {
                  "Oracle-Tags.CreatedBy": "default/runjawon@gmail.com",
                  "Oracle-Tags.CreatedOn": "2026-05-25T10:10:47.048Z"
                },
                "display_name": "flow-worker-vnic",
                "freeform_tags": {},
                "hostname_label": "flow-worker",
                "ipv6address_ipv6subnet_cidr_pair_details": [],
                "nsg_ids": [],
                "private_ip": "10.42.1.117",
                "security_attributes": {},
                "skip_source_dest_check": false,
                "subnet_cidr": "",
                "subnet_id": "ocid1.subnet.oc1.ap-singapore-1.aaaaaaaaychpnosyjmyz5p77kmfc6rjgql4msjxq7i3jp2czejgkkihhdj7q",
                "vlan_id": ""
              }
            ],
            "dedicated_vm_host_id": null,
            "defined_tags": {
              "Oracle-Tags.CreatedBy": "default/runjawon@gmail.com",
              "Oracle-Tags.CreatedOn": "2026-05-25T10:10:46.940Z"
            },
            "display_name": "flow-worker-vps",
            "extended_metadata": {},
            "fault_domain": "FAULT-DOMAIN-1",
            "freeform_tags": {},
            "hostname_label": "flow-worker",
            "id": "ocid1.instance.oc1.ap-singapore-1.anzwsljrjwjpqmicc52yg234vwozhb73ndodadj7o46y4el4nf7m4gehll6q",
            "image": "ocid1.image.oc1.ap-singapore-1.aaaaaaaaymvya6jg5fbiv2ewqu54h2kwaukti3pbr24e73z3r4klvg64qksa",
            "instance_configuration_id": null,
            "instance_options": [
              {
                "are_legacy_imds_endpoints_disabled": false
              }
            ],
            "ipxe_script": null,
            "is_ai_enterprise_enabled": null,
            "is_cross_numa_node": false,
            "is_pv_encryption_in_transit_enabled": null,
            "launch_mode": "PARAVIRTUALIZED",
            "launch_options": [
              {
                "boot_volume_type": "PARAVIRTUALIZED",
                "firmware": "UEFI_64",
                "is_consistent_volume_naming_enabled": true,
                "is_pv_encryption_in_transit_enabled": false,
                "network_type": "PARAVIRTUALIZED",
                "remote_data_volume_type": "PARAVIRTUALIZED"
              }
            ],
            "launch_volume_attachments": [],
            "licensing_configs": [],
            "metadata": {
              "ssh_authorized_keys": "ssh-rsa AAAAB3NzaC1yc2EAAAADAQABAAACAQDslZ1dBlgWbrKbTmFFKM8Bo1AKSTIe6kDeKqmfkDWkUU5Yb33A6DlQe4nOq/MCW2fQ91o1K+9MRjMjoPgPCgCh3FxSm7fA+FH4yj3R7AJO6YyyW6wSv1gO4YkuHSv+wneSNFhFIscTpWtObsNiS6fe/hFDNxNejxzmAtpas+Zk4xCYhRJ7WtavNecOZYvOvCKWRzLR33KM0uReZfTAIUtxQogEaHHLzJkpY22SwgvtShV++KB1EDux9ZUU1ymx9sIjCGU8BypbZJD9lY4hSSUFCrVyETqGswERel1Y36jug3YbB53GcTky+JhjAA4/FlGh4g5q3Zl6a98t/gM+HTEsqb/SjrOwI4zenHcp1GZfPlylIQwhHwRSmozUNrSSpkDz7JMbSuXmeEd99xMxV55a8dDMh6dlKRr8WZeNQ4ssLI/AAnq2j3sYnKcJb7OAZWVhzEvNFlKAWzP+fOrEtCIUA/EpBEjJ1LW46JZgZa0XL0tjiCgQpO0kRb1Swjmga183Nchb6unx3GoakmZV1hEzJWMUrnGtG9VWrDI1QMB+hQdwZtNAGcOq3nVbhNQ5kashjsZnAaWw0Sg2i+XAPPt2qZhp+5SqeYUfiGyu9odrXdLhe6Uq6SsmURVHLixf+Rnzh2ZqauqBEa1+rRdHj3JfFvh6uTNILYpgB3FtABnUaw== oracle-flow2api",
              "user_data": "I2Nsb3VkLWNvbmZpZwpwYWNrYWdlX3VwZGF0ZTogdHJ1ZQoKd3JpdGVfZmlsZXM6CiAgLSBwYXRoOiAvdXNyL2xvY2FsL3NiaW4vaW5zdGFsbC1mbG93LXdvcmtlci5zaAogICAgb3duZXI6IHJvb3Q6cm9vdAogICAgcGVybWlzc2lvbnM6ICIwNzU1IgogICAgY29udGVudDogfAogICAgICAjIS91c3IvYmluL2VudiBiYXNoCiAgICAgIHNldCAtZXVvIHBpcGVmYWlsCgogICAgICBBUFBfRElSPSIvb3B0L2Zsb3ctd29ya2VyIgogICAgICBSRVBPX1VSTD0iaHR0cHM6Ly9naXRodWIuY29tL1JhbmphbkxhYnovdnBzLWNvZGUtdmVvLmdpdCIKICAgICAgQlJBTkNIPSJtYWluIgogICAgICBGTE9XS0lUX1JFUE89Imh0dHBzOi8vZ2l0aHViLmNvbS9jcmlzbmc5NS9mbG93a2l0LmdpdCIKICAgICAgQVJDSD0iJCh1bmFtZSAtbSkiCgogICAgICBleHBvcnQgREVCSUFOX0ZST05URU5EPW5vbmludGVyYWN0aXZlCgogICAgICBpbnN0YWxsX2hvc3RfZGVwcygpIHsKICAgICAgICBpZiBjb21tYW5kIC12IGFwdC1nZXQgPi9kZXYvbnVsbCAyPiYxOyB0aGVuCiAgICAgICAgICBhcHQtZ2V0IHVwZGF0ZQogICAgICAgICAgYXB0LWdldCBpbnN0YWxsIC15IC0tbm8taW5zdGFsbC1yZWNvbW1lbmRzIGNhLWNlcnRpZmljYXRlcyBjdXJsIGdudXBnIGdpdAogICAgICAgICAgaWYgISBjb21tYW5kIC12IGRvY2tlciA+L2Rldi9udWxsIDI+JjE7IHRoZW4KICAgICAgICAgICAgaW5zdGFsbCAtbSAwNzU1IC1kIC9ldGMvYXB0L2tleXJpbmdzCiAgICAgICAgICAgIGN1cmwgLWZzU0wgaHR0cHM6Ly9kb3dubG9hZC5kb2NrZXIuY29tL2xpbnV4L3VidW50dS9ncGcgfCBncGcgLS1kZWFybW9yIC1vIC9ldGMvYXB0L2tleXJpbmdzL2RvY2tlci5ncGcKICAgICAgICAgICAgY2htb2QgYStyIC9ldGMvYXB0L2tleXJpbmdzL2RvY2tlci5ncGcKICAgICAgICAgICAgLiAvZXRjL29zLXJlbGVhc2UKICAgICAgICAgICAgZWNobyAiZGViIFthcmNoPSQoZHBrZyAtLXByaW50LWFyY2hpdGVjdHVyZSkgc2lnbmVkLWJ5PS9ldGMvYXB0L2tleXJpbmdzL2RvY2tlci5ncGddIGh0dHBzOi8vZG93bmxvYWQuZG9ja2VyLmNvbS9saW51eC91YnVudHUgJHtWRVJTSU9OX0NPREVOQU1FfSBzdGFibGUiID4gL2V0Yy9hcHQvc291cmNlcy5saXN0LmQvZG9ja2VyLmxpc3QKICAgICAgICAgICAgYXB0LWdldCB1cGRhdGUKICAgICAgICAgICAgYXB0LWdldCBpbnN0YWxsIC15IGRvY2tlci1jZSBkb2NrZXItY2UtY2xpIGNvbnRhaW5lcmQuaW8gZG9ja2VyLWJ1aWxkeC1wbHVnaW4gZG9ja2VyLWNvbXBvc2UtcGx1Z2luCiAgICAgICAgICBmaQogICAgICAgIGVsaWYgY29tbWFuZCAtdiBkbmYgPi9kZXYvbnVsbCAyPiYxOyB0aGVuCiAgICAgICAgICBkbmYgaW5zdGFsbCAteSBkbmYtdXRpbHMgY2EtY2VydGlmaWNhdGVzIGN1cmwgZ2l0CiAgICAgICAgICBpZiAhIGNvbW1hbmQgLXYgZG9ja2VyID4vZGV2L251bGwgMj4mMTsgdGhlbgogICAgICAgICAgICBkbmYgY29uZmlnLW1hbmFnZXIgLS1hZGQtcmVwbyBodHRwczovL2Rvd25sb2FkLmRvY2tlci5jb20vbGludXgvY2VudG9zL2RvY2tlci1jZS5yZXBvCiAgICAgICAgICAgIGRuZiBpbnN0YWxsIC15IGRvY2tlci1jZSBkb2NrZXItY2UtY2xpIGNvbnRhaW5lcmQuaW8gZG9ja2VyLWJ1aWxkeC1wbHVnaW4gZG9ja2VyLWNvbXBvc2UtcGx1Z2luCiAgICAgICAgICBmaQogICAgICAgIGVsc2UKICAgICAgICAgIGVjaG8gIlVuc3VwcG9ydGVkIExpbnV4IGRpc3RyaWJ1dGlvbjogYXB0LWdldCBvciBkbmYgcmVxdWlyZWQuIiA+JjIKICAgICAgICAgIGV4aXQgMQogICAgICAgIGZpCgogICAgICAgIHN5c3RlbWN0bCBlbmFibGUgLS1ub3cgZG9ja2VyCiAgICAgIH0KCiAgICAgIGNoZWNrb3V0X3JlcG8oKSB7CiAgICAgICAgbWtkaXIgLXAgIiR7QVBQX0RJUn0iCiAgICAgICAgaWYgWyAtZCAiJHtBUFBfRElSfS8uZ2l0IiBdOyB0aGVuCiAgICAgICAgICBnaXQgLUMgIiR7QVBQX0RJUn0iIGZldGNoIG9yaWdpbiAiJHtCUkFOQ0h9IgogICAgICAgICAgZ2l0IC1DICIke0FQUF9ESVJ9IiBjaGVja291dCAiJHtCUkFOQ0h9IgogICAgICAgICAgZ2l0IC1DICIke0FQUF9ESVJ9IiBwdWxsIC0tZmYtb25seSBvcmlnaW4gIiR7QlJBTkNIfSIKICAgICAgICBlbHNlCiAgICAgICAgICBnaXQgY2xvbmUgLS1icmFuY2ggIiR7QlJBTkNIfSIgIiR7UkVQT19VUkx9IiAiJHtBUFBfRElSfSIKICAgICAgICBmaQogICAgICB9CgogICAgICBwYXRjaF9mb3JfYXJtX2Nocm9taXVtKCkgewogICAgICAgIGlmIFsgIiR7QVJDSH0iID0gIng4Nl82NCIgXTsgdGhlbgogICAgICAgICAgcmV0dXJuCiAgICAgICAgZmkKCiAgICAgICAgc2VkIC1pICdzL2Nocm9tZV9iaW5hcnk6ICJnb29nbGUtY2hyb21lIi9jaHJvbWVfYmluYXJ5OiAiY2hyb21pdW0iLycgIiR7QVBQX0RJUn0vY29uZmlnL3dvcmtlci55YW1sIgogICAgICAgIGNhdCA+ICIke0FQUF9ESVJ9L2RvY2tlci9Eb2NrZXJmaWxlIiA8PCdFT0YnCiAgICAgIEZST00gcHl0aG9uOjMuMTEtc2xpbS1ib29rd29ybQoKICAgICAgRU5WIFBZVEhPTkRPTlRXUklURUJZVEVDT0RFPTEgXAogICAgICAgICAgUFlUSE9OVU5CVUZGRVJFRD0xIFwKICAgICAgICAgIERFQklBTl9GUk9OVEVORD1ub25pbnRlcmFjdGl2ZQoKICAgICAgUlVOIGFwdC1nZXQgdXBkYXRlICYmIGFwdC1nZXQgaW5zdGFsbCAteSAtLW5vLWluc3RhbGwtcmVjb21tZW5kcyBcCiAgICAgICAgICBjYS1jZXJ0aWZpY2F0ZXMgXAogICAgICAgICAgY3VybCBcCiAgICAgICAgICBnbnVwZyBcCiAgICAgICAgICB4dmZiIFwKICAgICAgICAgIGZsdXhib3ggXAogICAgICAgICAgeDExdm5jIFwKICAgICAgICAgIGZvbnRzLWxpYmVyYXRpb24gXAogICAgICAgICAgbGliYXNvdW5kMiBcCiAgICAgICAgICBsaWJhdGstYnJpZGdlMi4wLTAgXAogICAgICAgICAgbGliYXRrMS4wLTAgXAogICAgICAgICAgbGliY3VwczIgXAogICAgICAgICAgbGliZGJ1cy0xLTMgXAogICAgICAgICAgbGliZHJtMiBcCiAgICAgICAgICBsaWJnYm0xIFwKICAgICAgICAgIGxpYmd0ay0zLTAgXAogICAgICAgICAgbGlibnNwcjQgXAogICAgICAgICAgbGlibnNzMyBcCiAgICAgICAgICBsaWJ4Y29tcG9zaXRlMSBcCiAgICAgICAgICBsaWJ4ZGFtYWdlMSBcCiAgICAgICAgICBsaWJ4Zml4ZXMzIFwKICAgICAgICAgIGxpYnhrYmNvbW1vbjAgXAogICAgICAgICAgbGlieHJhbmRyMiBcCiAgICAgICAgICB4ZGctdXRpbHMgXAogICAgICAgICAgY2hyb21pdW0gXAogICAgICAgICAgJiYgbG4gLXNmIC91c3IvYmluL2Nocm9taXVtIC91c3IvYmluL2dvb2dsZS1jaHJvbWUgXAogICAgICAgICAgJiYgcm0gLXJmIC92YXIvbGliL2FwdC9saXN0cy8qCgogICAgICBXT1JLRElSIC9hcHAKICAgICAgQ09QWSByZXF1aXJlbWVudHMudHh0IC9hcHAvcmVxdWlyZW1lbnRzLnR4dAogICAgICBSVU4gcGlwIGluc3RhbGwgLS1uby1jYWNoZS1kaXIgLXIgL2FwcC9yZXF1aXJlbWVudHMudHh0CgogICAgICBDT1BZIHdvcmtlciAvYXBwL3dvcmtlcgogICAgICBDT1BZIGNvbmZpZyAvd29ya2VyL2NvbmZpZwoKICAgICAgUlVOIG1rZGlyIC1wIC93b3JrZXIvYWNjb3VudHMgL3dvcmtlci9sb2dzIC9jaHJvbWUtcHJvZmlsZXMgL2V4dGVuc2lvbgoKICAgICAgRVhQT1NFIDgwODAgNTkwMS01OTk5IDkyMjItOTcyMiAxMjAwMC0xMjUwMAoKICAgICAgQ01EIFsidXZpY29ybiIsICJ3b3JrZXIuYXBpLm1haW46YXBwIiwgIi0taG9zdCIsICIwLjAuMC4wIiwgIi0tcG9ydCIsICI4MDgwIiwgIi0td29ya2VycyIsICIxIl0KICAgICAgRU9GCiAgICAgIH0KCiAgICAgIGluc3RhbGxfZmxvd2tpdCgpIHsKICAgICAgICBta2RpciAtcCAiJHtBUFBfRElSfS93b3JrZXIvYWNjb3VudHMiICIke0FQUF9ESVJ9L3dvcmtlci9sb2dzIiAiJHtBUFBfRElSfS9jaHJvbWUtcHJvZmlsZXMiICIke0FQUF9ESVJ9L2V4dGVuc2lvbiIgIiR7QVBQX0RJUn0vY29uZmlnIgogICAgICAgIGlmIFsgISAtZiAiJHtBUFBfRElSfS9leHRlbnNpb24vbWFuaWZlc3QuanNvbiIgXSB8fCAhIGdyZXAgLXEgJyJGbG93IEtpdCInICIke0FQUF9ESVJ9L2V4dGVuc2lvbi9tYW5pZmVzdC5qc29uIjsgdGhlbgogICAgICAgICAgdG1wX2Zsb3draXQ9IiQobWt0ZW1wIC1kKSIKICAgICAgICAgIGdpdCBjbG9uZSAtLWRlcHRoIDEgIiR7RkxPV0tJVF9SRVBPfSIgIiR7dG1wX2Zsb3draXR9IgogICAgICAgICAgcm0gLXJmICIke0FQUF9ESVJ9L2V4dGVuc2lvbiIKICAgICAgICAgIG1rZGlyIC1wICIke0FQUF9ESVJ9L2V4dGVuc2lvbiIKICAgICAgICAgIGNwIC1hICIke3RtcF9mbG93a2l0fS9leHRlbnNpb24vLiIgIiR7QVBQX0RJUn0vZXh0ZW5zaW9uLyIKICAgICAgICAgIHJtIC1yZiAiJHt0bXBfZmxvd2tpdH0iCiAgICAgICAgZmkKICAgICAgfQoKICAgICAgd3JpdGVfZW52KCkgewogICAgICAgIGNhdCA+ICIke0FQUF9ESVJ9Ly5lbnYiIDw8RU9GCiAgICAgIFZOQ19QQVNTV09SRD0KICAgICAgRU9GCiAgICAgIH0KCiAgICAgIHN0YXJ0X3dvcmtlcigpIHsKICAgICAgICBjZCAiJHtBUFBfRElSfSIKICAgICAgICBkb2NrZXIgY29tcG9zZSBidWlsZAogICAgICAgIGRvY2tlciBjb21wb3NlIHVwIC1kCgogICAgICAgIGlmIGNvbW1hbmQgLXYgZmlyZXdhbGwtY21kID4vZGV2L251bGwgMj4mMSAmJiBmaXJld2FsbC1jbWQgLS1zdGF0ZSA+L2Rldi9udWxsIDI+JjE7IHRoZW4KICAgICAgICAgIGZpcmV3YWxsLWNtZCAtLXBlcm1hbmVudCAtLWFkZC1wb3J0PTgwL3RjcAogICAgICAgICAgZmlyZXdhbGwtY21kIC0tcGVybWFuZW50IC0tYWRkLXBvcnQ9ODA4MC90Y3AKICAgICAgICAgIGZpcmV3YWxsLWNtZCAtLXBlcm1hbmVudCAtLWFkZC1wb3J0PTU5MDEtNTk5OS90Y3AKICAgICAgICAgIGZpcmV3YWxsLWNtZCAtLXBlcm1hbmVudCAtLWFkZC1wb3J0PTkyMjItOTcyMi90Y3AKICAgICAgICAgIGZpcmV3YWxsLWNtZCAtLXBlcm1hbmVudCAtLWFkZC1wb3J0PTEyMDAwLTEyNTAwL3RjcAogICAgICAgICAgZmlyZXdhbGwtY21kIC0tcmVsb2FkCiAgICAgICAgZmkKCiAgICAgICAgY2F0ID4gL2V0Yy9zeXN0ZW1kL3N5c3RlbS9mbG93LXdvcmtlci1jb21wb3NlLnNlcnZpY2UgPDxFT0YKICAgICAgW1VuaXRdCiAgICAgIERlc2NyaXB0aW9uPUZsb3cgV29ya2VyIEFwcGxpYW5jZSBEb2NrZXIgQ29tcG9zZQogICAgICBSZXF1aXJlcz1kb2NrZXIuc2VydmljZQogICAgICBBZnRlcj1kb2NrZXIuc2VydmljZSBuZXR3b3JrLW9ubGluZS50YXJnZXQKICAgICAgV2FudHM9bmV0d29yay1vbmxpbmUudGFyZ2V0CgogICAgICBbU2VydmljZV0KICAgICAgVHlwZT1vbmVzaG90CiAgICAgIFJlbWFpbkFmdGVyRXhpdD15ZXMKICAgICAgV29ya2luZ0RpcmVjdG9yeT0ke0FQUF9ESVJ9CiAgICAgIEV4ZWNTdGFydD0vdXNyL2Jpbi9kb2NrZXIgY29tcG9zZSB1cCAtZAogICAgICBFeGVjU3RvcD0vdXNyL2Jpbi9kb2NrZXIgY29tcG9zZSBkb3duCiAgICAgIFRpbWVvdXRTdGFydFNlYz0zMDAKCiAgICAgIFtJbnN0YWxsXQogICAgICBXYW50ZWRCeT1tdWx0aS11c2VyLnRhcmdldAogICAgICBFT0YKCiAgICAgICAgc3lzdGVtY3RsIGRhZW1vbi1yZWxvYWQKICAgICAgICBzeXN0ZW1jdGwgZW5hYmxlIGZsb3ctd29ya2VyLWNvbXBvc2Uuc2VydmljZQogICAgICAgIHN5c3RlbWN0bCByZXN0YXJ0IGZsb3ctd29ya2VyLWNvbXBvc2Uuc2VydmljZQogICAgICB9CgogICAgICBpbnN0YWxsX2hvc3RfZGVwcwogICAgICBjaGVja291dF9yZXBvCiAgICAgIHBhdGNoX2Zvcl9hcm1fY2hyb21pdW0KICAgICAgaW5zdGFsbF9mbG93a2l0CiAgICAgIHdyaXRlX2VudgogICAgICBzdGFydF93b3JrZXIKCiAgICAgIGVjaG8gIkZsb3cgV29ya2VyIEFwcGxpYW5jZSBpcyBzdGFydGluZy4iCiAgICAgIGVjaG8gIkhlYWx0aDogaHR0cDovLyQoaG9zdG5hbWUgLUkgfCBhd2sgJ3twcmludCAkMX0nKTo4MDgwL2hlYWx0aCIKCnJ1bmNtZDoKICAtIFtiYXNoLCAvdXNyL2xvY2FsL3NiaW4vaW5zdGFsbC1mbG93LXdvcmtlci5zaF0K"
            },
            "placement_constraint_details": [],
            "platform_config": [],
            "preemptible_instance_config": [],
            "preserve_boot_volume": null,
            "preserve_data_volumes_created_at_launch": null,
            "private_ip": "10.42.1.117",
            "public_ip": "161.118.208.146",
            "region": "ap-singapore-1",
            "security_attributes": {},
            "security_attributes_state": "STABLE",
            "shape": "VM.Standard.A1.Flex",
            "shape_config": [
              {
                "baseline_ocpu_utilization": "",
                "gpu_description": "",
                "gpus": 0,
                "local_disk_description": "",
                "local_disks": 0,
                "local_disks_total_size_in_gbs": 0,
                "max_vnic_attachments": 2,
                "memory_in_gbs": 6,
                "networking_bandwidth_in_gbps": 1,
                "nvmes": 0,
                "ocpus": 1,
                "processor_description": "3.0 GHz Ampere® Altra™",
                "resource_management": "",
                "vcpus": 1
              }
            ],
            "source_details": [
              {
                "boot_volume_size_in_gbs": "100",
                "boot_volume_vpus_per_gb": "10",
                "instance_source_image_filter_details": [],
                "is_preserve_boot_volume_enabled": false,
                "kms_key_id": "",
                "source_id": "ocid1.image.oc1.ap-singapore-1.aaaaaaaaymvya6jg5fbiv2ewqu54h2kwaukti3pbr24e73z3r4klvg64qksa",
                "source_type": "image"
              }
            ],
            "state": "RUNNING",
            "subnet_id": "ocid1.subnet.oc1.ap-singapore-1.aaaaaaaaychpnosyjmyz5p77kmfc6rjgql4msjxq7i3jp2czejgkkihhdj7q",
            "system_tags": {},
            "time_created": "2026-05-25 10:10:47.477 +0000 UTC",
            "time_maintenance_reboot_due": "",
            "timeouts": null,
            "update_operation_constraint": null
          },
          "sensitive_attributes": [
            [
              {
                "type": "get_attr",
                "value": "metadata"
              },
              {
                "type": "index",
                "value": {
                  "value": "user_data",
                  "type": "string"
                }
              }
            ]
          ],
          "identity_schema_version": 0,
          "private": "eyJlMmJmYjczMC1lY2FhLTExZTYtOGY4OC0zNDM2M2JjN2M0YzAiOnsiY3JlYXRlIjoyNzAwMDAwMDAwMDAwLCJkZWxldGUiOjQ1MDAwMDAwMDAwMDAsInVwZGF0ZSI6MjcwMDAwMDAwMDAwMH19",
          "dependencies": [
            "data.oci_core_images.ubuntu",
            "data.oci_identity_availability_domains.this",
            "oci_core_internet_gateway.this",
            "oci_core_route_table.public",
            "oci_core_security_list.public",
            "oci_core_subnet.public",
            "oci_core_vcn.this"
          ]
        }
      ]
    },
    {
      "mode": "managed",
      "type": "oci_core_internet_gateway",
      "name": "this",
      "provider": "provider[\"registry.terraform.io/oracle/oci\"]",
      "instances": [
        {
          "schema_version": 0,
          "attributes": {
            "compartment_id": "ocid1.tenancy.oc1..aaaaaaaaxhrxcqm3r6z4ud3emjvb5lbw5roqrvculk5ip47dy73lx7olx4aa",
            "defined_tags": {
              "Oracle-Tags.CreatedBy": "default/runjawon@gmail.com",
              "Oracle-Tags.CreatedOn": "2026-05-25T09:47:48.394Z"
            },
            "display_name": "flow-worker-igw",
            "enabled": true,
            "freeform_tags": {},
            "id": "ocid1.internetgateway.oc1.ap-singapore-1.aaaaaaaawog5puus2tmzwtara6c2mctcdvddapazhl62lwoowlqio7ogcipq",
            "route_table_id": null,
            "state": "AVAILABLE",
            "time_created": "2026-05-25 09:47:48.419 +0000 UTC",
            "timeouts": null,
            "vcn_id": "ocid1.vcn.oc1.ap-singapore-1.amaaaaaajwjpqmiauugafipotxga4kbm7vzhmcvl63on66kuftyhtm6bkzoa"
          },
          "sensitive_attributes": [],
          "identity_schema_version": 0,
          "private": "eyJlMmJmYjczMC1lY2FhLTExZTYtOGY4OC0zNDM2M2JjN2M0YzAiOnsiY3JlYXRlIjoxMjAwMDAwMDAwMDAwLCJkZWxldGUiOjEyMDAwMDAwMDAwMDAsInVwZGF0ZSI6MTIwMDAwMDAwMDAwMH19",
          "dependencies": [
            "oci_core_vcn.this"
          ]
        }
      ]
    },
    {
      "mode": "managed",
      "type": "oci_core_route_table",
      "name": "public",
      "provider": "provider[\"registry.terraform.io/oracle/oci\"]",
      "instances": [
        {
          "schema_version": 0,
          "attributes": {
            "compartment_id": "ocid1.tenancy.oc1..aaaaaaaaxhrxcqm3r6z4ud3emjvb5lbw5roqrvculk5ip47dy73lx7olx4aa",
            "defined_tags": {
              "Oracle-Tags.CreatedBy": "default/runjawon@gmail.com",
              "Oracle-Tags.CreatedOn": "2026-05-25T09:47:48.898Z"
            },
            "display_name": "flow-worker-public-rt",
            "freeform_tags": {},
            "id": "ocid1.routetable.oc1.ap-singapore-1.aaaaaaaahfltfa24cdtpom6kkcpvrawccql6j224zjxm3pwuevaljr2hi6pq",
            "route_rules": [
              {
                "cidr_block": "",
                "description": "",
                "destination": "0.0.0.0/0",
                "destination_type": "CIDR_BLOCK",
                "network_entity_id": "ocid1.internetgateway.oc1.ap-singapore-1.aaaaaaaawog5puus2tmzwtara6c2mctcdvddapazhl62lwoowlqio7ogcipq",
                "route_type": "STATIC"
              }
            ],
            "state": "AVAILABLE",
            "time_created": "2026-05-25 09:47:48.917 +0000 UTC",
            "timeouts": null,
            "vcn_id": "ocid1.vcn.oc1.ap-singapore-1.amaaaaaajwjpqmiauugafipotxga4kbm7vzhmcvl63on66kuftyhtm6bkzoa"
          },
          "sensitive_attributes": [],
          "identity_schema_version": 0,
          "private": "eyJlMmJmYjczMC1lY2FhLTExZTYtOGY4OC0zNDM2M2JjN2M0YzAiOnsiY3JlYXRlIjoxMjAwMDAwMDAwMDAwLCJkZWxldGUiOjEyMDAwMDAwMDAwMDAsInVwZGF0ZSI6MTIwMDAwMDAwMDAwMH19",
          "dependencies": [
            "oci_core_internet_gateway.this",
            "oci_core_vcn.this"
          ]
        }
      ]
    },
    {
      "mode": "managed",
      "type": "oci_core_security_list",
      "name": "public",
      "provider": "provider[\"registry.terraform.io/oracle/oci\"]",
      "instances": [
        {
          "schema_version": 0,
          "attributes": {
            "compartment_id": "ocid1.tenancy.oc1..aaaaaaaaxhrxcqm3r6z4ud3emjvb5lbw5roqrvculk5ip47dy73lx7olx4aa",
            "defined_tags": {
              "Oracle-Tags.CreatedBy": "default/runjawon@gmail.com",
              "Oracle-Tags.CreatedOn": "2026-05-25T09:47:48.646Z"
            },
            "display_name": "flow-worker-public-sl",
            "egress_security_rules": [
              {
                "description": "",
                "destination": "0.0.0.0/0",
                "destination_type": "CIDR_BLOCK",
                "icmp_options": [],
                "protocol": "all",
                "stateless": false,
                "tcp_options": [],
                "udp_options": []
              }
            ],
            "freeform_tags": {},
            "id": "ocid1.securitylist.oc1.ap-singapore-1.aaaaaaaazhb5evvoah47qaha3ziybr7ipxn4r2j6uyhyld3owudex2gwhwpa",
            "ingress_security_rules": [
              {
                "description": "",
                "icmp_options": [],
                "protocol": "6",
                "source": "0.0.0.0/0",
                "source_type": "CIDR_BLOCK",
                "stateless": false,
                "tcp_options": [
                  {
                    "max": 22,
                    "min": 22,
                    "source_port_range": []
                  }
                ],
                "udp_options": []
              },
              {
                "description": "",
                "icmp_options": [],
                "protocol": "6",
                "source": "0.0.0.0/0",
                "source_type": "CIDR_BLOCK",
                "stateless": false,
                "tcp_options": [
                  {
                    "max": 6579,
                    "min": 6080,
                    "source_port_range": []
                  }
                ],
                "udp_options": []
              },
              {
                "description": "",
                "icmp_options": [],
                "protocol": "6",
                "source": "0.0.0.0/0",
                "source_type": "CIDR_BLOCK",
                "stateless": false,
                "tcp_options": [
                  {
                    "max": 8080,
                    "min": 8080,
                    "source_port_range": []
                  }
                ],
                "udp_options": []
              },
              {
                "description": "",
                "icmp_options": [],
                "protocol": "6",
                "source": "0.0.0.0/0",
                "source_type": "CIDR_BLOCK",
                "stateless": false,
                "tcp_options": [
                  {
                    "max": 8090,
                    "min": 8090,
                    "source_port_range": []
                  }
                ],
                "udp_options": []
              },
              {
                "description": "",
                "icmp_options": [],
                "protocol": "6",
                "source": "0.0.0.0/0",
                "source_type": "CIDR_BLOCK",
                "stateless": false,
                "tcp_options": [
                  {
                    "max": 80,
                    "min": 80,
                    "source_port_range": []
                  }
                ],
                "udp_options": []
              }
            ],
            "state": "AVAILABLE",
            "time_created": "2026-05-25 09:47:48.673 +0000 UTC",
            "timeouts": null,
            "vcn_id": "ocid1.vcn.oc1.ap-singapore-1.amaaaaaajwjpqmiauugafipotxga4kbm7vzhmcvl63on66kuftyhtm6bkzoa"
          },
          "sensitive_attributes": [],
          "identity_schema_version": 0,
          "private": "eyJlMmJmYjczMC1lY2FhLTExZTYtOGY4OC0zNDM2M2JjN2M0YzAiOnsiY3JlYXRlIjoxMjAwMDAwMDAwMDAwLCJkZWxldGUiOjEyMDAwMDAwMDAwMDAsInVwZGF0ZSI6MTIwMDAwMDAwMDAwMH19",
          "dependencies": [
            "oci_core_vcn.this"
          ]
        }
      ]
    },
    {
      "mode": "managed",
      "type": "oci_core_subnet",
      "name": "public",
      "provider": "provider[\"registry.terraform.io/oracle/oci\"]",
      "instances": [
        {
          "schema_version": 0,
          "attributes": {
            "availability_domain": null,
            "cidr_block": "10.42.1.0/24",
            "compartment_id": "ocid1.tenancy.oc1..aaaaaaaaxhrxcqm3r6z4ud3emjvb5lbw5roqrvculk5ip47dy73lx7olx4aa",
            "defined_tags": {
              "Oracle-Tags.CreatedBy": "default/runjawon@gmail.com",
              "Oracle-Tags.CreatedOn": "2026-05-25T09:47:49.360Z"
            },
            "dhcp_options_id": "ocid1.dhcpoptions.oc1.ap-singapore-1.aaaaaaaase3g4bcc6y5pzu4b5odxj7e2kglfpal6qy7y4jvlnikqdgx6n5ea",
            "display_name": "flow-worker-public-subnet",
            "dns_label": "public",
            "freeform_tags": {},
            "id": "ocid1.subnet.oc1.ap-singapore-1.aaaaaaaaychpnosyjmyz5p77kmfc6rjgql4msjxq7i3jp2czejgkkihhdj7q",
            "ipv4cidr_blocks": [
              "10.42.1.0/24"
            ],
            "ipv6cidr_block": null,
            "ipv6cidr_blocks": [],
            "ipv6virtual_router_ip": null,
            "prohibit_internet_ingress": false,
            "prohibit_public_ip_on_vnic": false,
            "route_table_id": "ocid1.routetable.oc1.ap-singapore-1.aaaaaaaahfltfa24cdtpom6kkcpvrawccql6j224zjxm3pwuevaljr2hi6pq",
            "security_list_ids": [
              "ocid1.securitylist.oc1.ap-singapore-1.aaaaaaaazhb5evvoah47qaha3ziybr7ipxn4r2j6uyhyld3owudex2gwhwpa"
            ],
            "state": "AVAILABLE",
            "subnet_domain_name": "public.flowworker.oraclevcn.com",
            "time_created": "2026-05-25 09:47:49.423 +0000 UTC",
            "timeouts": null,
            "vcn_id": "ocid1.vcn.oc1.ap-singapore-1.amaaaaaajwjpqmiauugafipotxga4kbm7vzhmcvl63on66kuftyhtm6bkzoa",
            "virtual_router_ip": "10.42.1.1",
            "virtual_router_mac": "00:00:17:0E:A7:90"
          },
          "sensitive_attributes": [],
          "identity_schema_version": 0,
          "private": "eyJlMmJmYjczMC1lY2FhLTExZTYtOGY4OC0zNDM2M2JjN2M0YzAiOnsiY3JlYXRlIjoxMjAwMDAwMDAwMDAwLCJkZWxldGUiOjEyMDAwMDAwMDAwMDAsInVwZGF0ZSI6MTIwMDAwMDAwMDAwMH19",
          "dependencies": [
            "oci_core_internet_gateway.this",
            "oci_core_route_table.public",
            "oci_core_security_list.public",
            "oci_core_vcn.this"
          ]
        }
      ]
    },
    {
      "mode": "managed",
      "type": "oci_core_vcn",
      "name": "this",
      "provider": "provider[\"registry.terraform.io/oracle/oci\"]",
      "instances": [
        {
          "schema_version": 0,
          "attributes": {
            "byoipv6cidr_blocks": [],
            "byoipv6cidr_details": [],
            "cidr_block": "10.42.0.0/16",
            "cidr_blocks": [
              "10.42.0.0/16"
            ],
            "compartment_id": "ocid1.tenancy.oc1..aaaaaaaaxhrxcqm3r6z4ud3emjvb5lbw5roqrvculk5ip47dy73lx7olx4aa",
            "default_dhcp_options_id": "ocid1.dhcpoptions.oc1.ap-singapore-1.aaaaaaaase3g4bcc6y5pzu4b5odxj7e2kglfpal6qy7y4jvlnikqdgx6n5ea",
            "default_route_table_id": "ocid1.routetable.oc1.ap-singapore-1.aaaaaaaansq6l3djpwgeeatug5n3kpgx7cf77d2mztc6q3mgsy6lgrwwds5a",
            "default_security_list_id": "ocid1.securitylist.oc1.ap-singapore-1.aaaaaaaa57ftsfecmk532yod4hr7763f6rsneeelwzs23b7wckvhwznj3uda",
            "defined_tags": {
              "Oracle-Tags.CreatedBy": "default/runjawon@gmail.com",
              "Oracle-Tags.CreatedOn": "2026-05-25T09:47:47.811Z"
            },
            "display_name": "flow-worker-vcn",
            "dns_label": "flowworker",
            "freeform_tags": {},
            "id": "ocid1.vcn.oc1.ap-singapore-1.amaaaaaajwjpqmiauugafipotxga4kbm7vzhmcvl63on66kuftyhtm6bkzoa",
            "ipv6cidr_blocks": [],
            "ipv6private_cidr_blocks": [],
            "is_ipv6enabled": false,
            "is_oracle_gua_allocation_enabled": null,
            "security_attributes": {},
            "state": "AVAILABLE",
            "time_created": "2026-05-25 09:47:47.874 +0000 UTC",
            "timeouts": null,
            "vcn_domain_name": "flowworker.oraclevcn.com"
          },
          "sensitive_attributes": [],
          "identity_schema_version": 0,
          "private": "eyJlMmJmYjczMC1lY2FhLTExZTYtOGY4OC0zNDM2M2JjN2M0YzAiOnsiY3JlYXRlIjoxMjAwMDAwMDAwMDAwLCJkZWxldGUiOjEyMDAwMDAwMDAwMDAsInVwZGF0ZSI6MTIwMDAwMDAwMDAwMH19"
        }
      ]
    }
  ],
  "check_results": null
}
